Microsoft Visual Studio Solution File, Format Version 12.00
# Visual Studio Version 17
VisualStudioVersion = 17.5.2.0
MinimumVisualStudioVersion = 10.0.40219.1
Project("{FAE04EC0-301F-11D3-BF4B-00C04F79EFBC}") = "SistemaDeCadastroEmp", "SistemaDeCadastroEmp.csproj", "{F8C69F0E-0CA2-72F3-1CB8-1C7CB506109F}"
EndProject
Global
	GlobalSection(SolutionConfigurationPlatforms) = preSolution
		Debug|Any CPU = Debug|Any CPU
		Release|Any CPU = Release|Any CPU
	EndGlobalSection
	GlobalSection(ProjectConfigurationPlatforms) = postSolution
		{F8C69F0E-0CA2-72F3-1CB8-1C7CB506109F}.Debug|Any CPU.ActiveCfg = Debug|Any CPU
		{F8C69F0E-0CA2-72F3-1CB8-1C7CB506109F}.Debug|Any CPU.Build.0 = Debug|Any CPU
		{F8C69F0E-0CA2-72F3-1CB8-1C7CB506109F}.Release|Any CPU.ActiveCfg = Release|Any CPU
		{F8C69F0E-0CA2-72F3-1CB8-1C7CB506109F}.Release|Any CPU.Build.0 = Release|Any CPU
	EndGlobalSection
	GlobalSection(SolutionProperties) = preSolution
		HideSolutionNode = FALSE
	EndGlobalSection
	GlobalSection(ExtensibilityGlobals) = postSolution
		SolutionGuid = {DBC947DE-2AD4-45DD-AFB6-D8EEECF44A3E}
	EndGlobalSection
EndGlobal
